
Microsoft Visual Studio Solution File, Format Version 12.00
# Visual Studio 2012
Project("{FAE04EC0-301F-11D3-BF4B-00C04F79EFBC}") = "ComAsync", "ComAsync\ComAsync.csproj", "{ED2ED692-3CC1-47CA-978E-61D6AEC3E42D}"
EndProject
Global
	GlobalSection(SolutionConfigurationPlatforms) = preSolution
		Debug|Any CPU = Debug|Any CPU
		Release|Any CPU = Release|Any CPU
	EndGlobalSection
	GlobalSection(ProjectConfigurationPlatforms) = postSolution
		{ED2ED692-3CC1-47CA-978E-61D6AEC3E42D}.Debug|Any CPU.ActiveCfg = Debug|Any CPU
		{ED2ED692-3CC1-47CA-978E-61D6AEC3E42D}.Debug|Any CPU.Build.0 = Debug|Any CPU
		{ED2ED692-3CC1-47CA-978E-61D6AEC3E42D}.Release|Any CPU.ActiveCfg = Release|Any CPU
		{ED2ED692-3CC1-47CA-978E-61D6AEC3E42D}.Release|Any CPU.Build.0 = Release|Any CPU
	EndGlobalSection
	GlobalSection(SolutionProperties) = preSolution
		HideSolutionNode = FALSE
	EndGlobalSection
EndGlobal
