
Microsoft Visual Studio Solution File, Format Version 12.00
# Visual Studio 2012
Project("{FAE04EC0-301F-11D3-BF4B-00C04F79EFBC}") = "ComTPL", "ComTPL\ComTPL.csproj", "{760EB1A7-3ED1-42F6-8516-6A8B1A8DEAB1}"
EndProject
Global
	GlobalSection(SolutionConfigurationPlatforms) = preSolution
		Debug|Any CPU = Debug|Any CPU
		Release|Any CPU = Release|Any CPU
	EndGlobalSection
	GlobalSection(ProjectConfigurationPlatforms) = postSolution
		{760EB1A7-3ED1-42F6-8516-6A8B1A8DEAB1}.Debug|Any CPU.ActiveCfg = Debug|Any CPU
		{760EB1A7-3ED1-42F6-8516-6A8B1A8DEAB1}.Debug|Any CPU.Build.0 = Debug|Any CPU
		{760EB1A7-3ED1-42F6-8516-6A8B1A8DEAB1}.Release|Any CPU.ActiveCfg = Release|Any CPU
		{760EB1A7-3ED1-42F6-8516-6A8B1A8DEAB1}.Release|Any CPU.Build.0 = Release|Any CPU
	EndGlobalSection
	GlobalSection(SolutionProperties) = preSolution
		HideSolutionNode = FALSE
	EndGlobalSection
EndGlobal
