
Microsoft Visual Studio Solution File, Format Version 12.00
# Visual Studio 2012
Project("{FAE04EC0-301F-11D3-BF4B-00C04F79EFBC}") = "EventosNaPratica", "EventosNaPratica\EventosNaPratica.csproj", "{0B8DBFDB-06BC-40CC-988F-35C39FDB3236}"
EndProject
Global
	GlobalSection(SolutionConfigurationPlatforms) = preSolution
		Debug|Any CPU = Debug|Any CPU
		Release|Any CPU = Release|Any CPU
	EndGlobalSection
	GlobalSection(ProjectConfigurationPlatforms) = postSolution
		{0B8DBFDB-06BC-40CC-988F-35C39FDB3236}.Debug|Any CPU.ActiveCfg = Debug|Any CPU
		{0B8DBFDB-06BC-40CC-988F-35C39FDB3236}.Debug|Any CPU.Build.0 = Debug|Any CPU
		{0B8DBFDB-06BC-40CC-988F-35C39FDB3236}.Release|Any CPU.ActiveCfg = Release|Any CPU
		{0B8DBFDB-06BC-40CC-988F-35C39FDB3236}.Release|Any CPU.Build.0 = Release|Any CPU
	EndGlobalSection
	GlobalSection(SolutionProperties) = preSolution
		HideSolutionNode = FALSE
	EndGlobalSection
EndGlobal
