
Microsoft Visual Studio Solution File, Format Version 12.00
# Visual Studio 2012
Project("{FAE04EC0-301F-11D3-BF4B-00C04F79EFBC}") = "DemoClasses.Core", "DemoClasses.Core\DemoClasses.Core.csproj", "{908EF7EC-CC37-4545-8275-09AAD8E288EF}"
EndProject
Project("{FAE04EC0-301F-11D3-BF4B-00C04F79EFBC}") = "DemoClasses.UI", "DemoClasses.UI\DemoClasses.UI.csproj", "{BF87F1C9-208C-4678-8B1F-6371EA36F39F}"
EndProject
Global
	GlobalSection(SolutionConfigurationPlatforms) = preSolution
		Debug|Any CPU = Debug|Any CPU
		Release|Any CPU = Release|Any CPU
	EndGlobalSection
	GlobalSection(ProjectConfigurationPlatforms) = postSolution
		{908EF7EC-CC37-4545-8275-09AAD8E288EF}.Debug|Any CPU.ActiveCfg = Debug|Any CPU
		{908EF7EC-CC37-4545-8275-09AAD8E288EF}.Debug|Any CPU.Build.0 = Debug|Any CPU
		{908EF7EC-CC37-4545-8275-09AAD8E288EF}.Release|Any CPU.ActiveCfg = Release|Any CPU
		{908EF7EC-CC37-4545-8275-09AAD8E288EF}.Release|Any CPU.Build.0 = Release|Any CPU
		{BF87F1C9-208C-4678-8B1F-6371EA36F39F}.Debug|Any CPU.ActiveCfg = Debug|Any CPU
		{BF87F1C9-208C-4678-8B1F-6371EA36F39F}.Debug|Any CPU.Build.0 = Debug|Any CPU
		{BF87F1C9-208C-4678-8B1F-6371EA36F39F}.Release|Any CPU.ActiveCfg = Release|Any CPU
		{BF87F1C9-208C-4678-8B1F-6371EA36F39F}.Release|Any CPU.Build.0 = Release|Any CPU
	EndGlobalSection
	GlobalSection(SolutionProperties) = preSolution
		HideSolutionNode = FALSE
	EndGlobalSection
EndGlobal
